%{
  "bbmustache": {:hex, :bbmustache, "1.7.0", "c25cb6e51a6baf833510f17f1bdd51b0cfb73d10b3107aa2c974c7d92c7b17de", [:rebar3], [], "hexpm"},
  "cowboy": {:git, "https://github.com/emqx/cowboy", "3b6bdaf4f2e3c5b793a0c3cada2c3b74c3d5e885", [tag: "2.7.1"]},
  "cowlib": {:git, "https://github.com/ninenines/cowlib", "c6553f8308a2ca5dcd69d845f0a7d098c40c3363", [tag: "2.8.0"]},
  "cuttlefish": {:git, "https://github.com/emqx/cuttlefish", "c945f3f7eda02c1ac319776f5adc3781a1b0f9b6", [tag: "v3.0.0"]},
  "ekka": {:git, "https://github.com/emqx/ekka", "e7f550ae8fc9d9dc64ba69dffd11a0d335172c86", [tag: "0.7.2"]},
  "emqx": {:git, "https://github.com/emqx/emqx.git", "db76b8449bd0a12b38c2a495d07b1f23af802769", [branch: "master"]},
  "emqx_ct_helpers": {:git, "https://github.com/emqx/emqx-ct-helpers.git", "c606a10a60cb921eb6b1d83b4f3bca0cb0b561d1", [tag: "1.2.1"]},
  "esockd": {:git, "https://github.com/emqx/esockd", "7e0beab781643d5708db07373316d7ada293f4fc", [tag: "5.6.1"]},
  "gen_rpc": {:git, "https://github.com/emqx/gen_rpc", "fe2dd1d92a2b666e40c77dde95711a2e9317082a", [tag: "2.4.1"]},
  "gen_state_machine": {:hex, :gen_state_machine, "2.1.0", "a38b0e53fad812d29ec149f0d354da5d1bc0d7222c3711f3a0bd5aa608b42992", [:mix], [], "hexpm"},
  "getopt": {:git, "https://github.com/emqx/getopt.git", "215f2083408e1fe562d441aea6062bf5d9e1fb67", [tag: "v1.0.2"]},
  "gproc": {:git, "https://github.com/uwiger/gproc", "ce7397809aca0d6eb3aac6db65953752e47fb511", [tag: "0.8.0"]},
  "gun": {:hex, :gun, "1.3.2", "542064cbb9f613650b8a8100b3a927505f364fbe198b7a5a112868ff43f3e477", [:rebar3], [{:cowlib, "~> 2.6.0", [hex: :cowlib, repo: "hexpm", optional: false]}], "hexpm"},
  "jiffy": {:git, "https://github.com/emqx/jiffy", "43584606a37d13b47ef7b88ac11837a728fcadb6", [tag: "1.0.4"]},
  "meck": {:hex, :meck, "0.8.13", "ffedb39f99b0b99703b8601c6f17c7f76313ee12de6b646e671e3188401f7866", [:rebar3], [], "hexpm"},
  "proper": {:hex, :proper, "1.3.0", "c1acd51c51da17a2fe91d7a6fc6a0c25a6a9849d8dc77093533109d1218d8457", [:make, :mix, :rebar3], [], "hexpm"},
  "ranch": {:git, "https://github.com/ninenines/ranch", "3190aef88aea04d6dce8545fe9b4574288903f44", [tag: "1.7.1"]},
  "ssl_verify_fun": {:git, "https://github.com/deadtrickster/ssl_verify_fun.erl.git", "c5718226b0b9f3d1a38ef6ca3c3b4c75f53dda92", [tag: "1.1.4"]},
}
